
Microsoft Visual Studio Solution File, Format Version 12.00
# Visual Studio Version 17
VisualStudioVersion = 17.4.33213.308
MinimumVisualStudioVersion = 10.0.40219.1
Project("{9A19103F-16F7-4668-BE54-9A1E7A4F7556}") = "Pr8C", "Pr8C\Pr8C.csproj", "{FD674DA7-2F6F-41BA-B3DB-94081EB41A72}"
EndProject
Project("{9A19103F-16F7-4668-BE54-9A1E7A4F7556}") = "JsonDeser", "JsonDeser\JsonDeser.csproj", "{3C92B58A-56AF-43BE-90F4-D65B622D5D85}"
EndProject
Project("{FAE04EC0-301F-11D3-BF4B-00C04F79EFBC}") = "StyleElement", "StyleElement\StyleElement.csproj", "{50F53875-04DA-4863-A843-229F03DB7580}"
EndProject
Global
	GlobalSection(SolutionConfigurationPlatforms) = preSolution
		Debug|Any CPU = Debug|Any CPU
		Release|Any CPU = Release|Any CPU
	EndGlobalSection
	GlobalSection(ProjectConfigurationPlatforms) = postSolution
		{FD674DA7-2F6F-41BA-B3DB-94081EB41A72}.Debug|Any CPU.ActiveCfg = Debug|Any CPU
		{FD674DA7-2F6F-41BA-B3DB-94081EB41A72}.Debug|Any CPU.Build.0 = Debug|Any CPU
		{FD674DA7-2F6F-41BA-B3DB-94081EB41A72}.Release|Any CPU.ActiveCfg = Release|Any CPU
		{FD674DA7-2F6F-41BA-B3DB-94081EB41A72}.Release|Any CPU.Build.0 = Release|Any CPU
		{3C92B58A-56AF-43BE-90F4-D65B622D5D85}.Debug|Any CPU.ActiveCfg = Debug|Any CPU
		{3C92B58A-56AF-43BE-90F4-D65B622D5D85}.Debug|Any CPU.Build.0 = Debug|Any CPU
		{3C92B58A-56AF-43BE-90F4-D65B622D5D85}.Release|Any CPU.ActiveCfg = Release|Any CPU
		{3C92B58A-56AF-43BE-90F4-D65B622D5D85}.Release|Any CPU.Build.0 = Release|Any CPU
		{50F53875-04DA-4863-A843-229F03DB7580}.Debug|Any CPU.ActiveCfg = Debug|Any CPU
		{50F53875-04DA-4863-A843-229F03DB7580}.Debug|Any CPU.Build.0 = Debug|Any CPU
		{50F53875-04DA-4863-A843-229F03DB7580}.Release|Any CPU.ActiveCfg = Release|Any CPU
		{50F53875-04DA-4863-A843-229F03DB7580}.Release|Any CPU.Build.0 = Release|Any CPU
	EndGlobalSection
	GlobalSection(SolutionProperties) = preSolution
		HideSolutionNode = FALSE
	EndGlobalSection
	GlobalSection(ExtensibilityGlobals) = postSolution
		SolutionGuid = {9C3C2FF5-5578-4AC1-9BCF-ADB6E65F083E}
	EndGlobalSection
EndGlobal
